
Microsoft Visual Studio Solution File, Format Version 12.00
# Visual Studio Version 17
VisualStudioVersion = 17.4.33205.214
MinimumVisualStudioVersion = 10.0.40219.1
Project("{FAE04EC0-301F-11D3-BF4B-00C04F79EFBC}") = "H3 - Serverside - Milk and cookies", "H3 - Serverside - Milk and cookies\H3 - Serverside - Milk and cookies.csproj", "{F5046F7A-A9AE-4AE6-866F-446FFBA4A0CF}"
EndProject
Global
	GlobalSection(SolutionConfigurationPlatforms) = preSolution
		Debug|Any CPU = Debug|Any CPU
		Release|Any CPU = Release|Any CPU
	EndGlobalSection
	GlobalSection(ProjectConfigurationPlatforms) = postSolution
		{F5046F7A-A9AE-4AE6-866F-446FFBA4A0CF}.Debug|Any CPU.ActiveCfg = Debug|Any CPU
		{F5046F7A-A9AE-4AE6-866F-446FFBA4A0CF}.Debug|Any CPU.Build.0 = Debug|Any CPU
		{F5046F7A-A9AE-4AE6-866F-446FFBA4A0CF}.Release|Any CPU.ActiveCfg = Release|Any CPU
		{F5046F7A-A9AE-4AE6-866F-446FFBA4A0CF}.Release|Any CPU.Build.0 = Release|Any CPU
	EndGlobalSection
	GlobalSection(SolutionProperties) = preSolution
		HideSolutionNode = FALSE
	EndGlobalSection
	GlobalSection(ExtensibilityGlobals) = postSolution
		SolutionGuid = {D071F2B2-F2AF-430B-9764-D774F3531C99}
	EndGlobalSection
EndGlobal
